// !$*UTF8*$!
{
	archiveVersion = 1;
	classes = {
	};
	objectVersion = 50;
	objects = {

/* Begin PBXBuildFile section */
		BB5F564E250C7C21002623F4 /* loginController.swift in Sources */ = {isa = PBXBuildFile; fileRef = BB5F564D250C7C21002623F4 /* loginController.swift */; };
		BB5F5650250C7C43002623F4 /* registerController.swift in Sources */ = {isa = PBXBuildFile; fileRef = BB5F564F250C7C43002623F4 /* registerController.swift */; };
		BB5F5652250C7C51002623F4 /* itemsController.swift in Sources */ = {isa = PBXBuildFile; fileRef = BB5F5651250C7C51002623F4 /* itemsController.swift */; };
		BB5F5654250C7C69002623F4 /* matchController.swift in Sources */ = {isa = PBXBuildFile; fileRef = BB5F5653250C7C69002623F4 /* matchController.swift */; };
		BB5F5656250C7CA3002623F4 /* chatController.swift in Sources */ = {isa = PBXBuildFile; fileRef = BB5F5655250C7CA3002623F4 /* chatController.swift */; };
		BB90D4E8250C5B4A0006302E /* AppDelegate.swift in Sources */ = {isa = PBXBuildFile; fileRef = BB90D4E7250C5B4A0006302E /* AppDelegate.swift */; };
		BB90D4EA250C5B4A0006302E /* SceneDelegate.swift in Sources */ = {isa = PBXBuildFile; fileRef = BB90D4E9250C5B4A0006302E /* SceneDelegate.swift */; };
		BB90D4EC250C5B4A0006302E /* TitleController.swift in Sources */ = {isa = PBXBuildFile; fileRef = BB90D4EB250C5B4A0006302E /* TitleController.swift */; };
		BB90D4EF250C5B4A0006302E /* Main.storyboard in Resources */ = {isa = PBXBuildFile; fileRef = BB90D4ED250C5B4A0006302E /* Main.storyboard */; };
		BB90D4F1250C5B4C0006302E /* Assets.xcassets in Resources */ = {isa = PBXBuildFile; fileRef = BB90D4F0250C5B4C0006302E /* Assets.xcassets */; };
		BB90D4F4250C5B4C0006302E /* LaunchScreen.storyboard in Resources */ = {isa = PBXBuildFile; fileRef = BB90D4F2250C5B4C0006302E /* LaunchScreen.storyboard */; };
/* End PBXBuildFile section */

/* Begin PBXFileReference section */
		BB5F564D250C7C21002623F4 /* loginController.swift */ = {isa = PBXFileReference; lastKnownFileType = sourcecode.swift; path = loginController.swift; sourceTree = "<group>"; };
		BB5F564F250C7C43002623F4 /* registerController.swift */ = {isa = PBXFileReference; lastKnownFileType = sourcecode.swift; path = registerController.swift; sourceTree = "<group>"; };
		BB5F5651250C7C51002623F4 /* itemsController.swift */ = {isa = PBXFileReference; lastKnownFileType = sourcecode.swift; path = itemsController.swift; sourceTree = "<group>"; };
		BB5F5653250C7C69002623F4 /* matchController.swift */ = {isa = PBXFileReference; lastKnownFileType = sourcecode.swift; path = matchController.swift; sourceTree = "<group>"; };
		BB5F5655250C7CA3002623F4 /* chatController.swift */ = {isa = PBXFileReference; lastKnownFileType = sourcecode.swift; path = chatController.swift; sourceTree = "<group>"; };
		BB90D4E4250C5B4A0006302E /* QuarantineBuddies.app */ = {isa = PBXFileReference; explicitFileType = wrapper.application; includeInIndex = 0; path = QuarantineBuddies.app; sourceTree = BUILT_PRODUCTS_DIR; };
		BB90D4E7250C5B4A0006302E /* AppDelegate.swift */ = {isa = PBXFileReference; lastKnownFileType = sourcecode.swift; path = AppDelegate.swift; sourceTree = "<group>"; };
		BB90D4E9250C5B4A0006302E /* SceneDelegate.swift */ = {isa = PBXFileReference; lastKnownFileType = sourcecode.swift; path = SceneDelegate.swift; sourceTree = "<group>"; };
		BB90D4EB250C5B4A0006302E /* TitleController.swift */ = {isa = PBXFileReference; lastKnownFileType = sourcecode.swift; path = TitleController.swift; sourceTree = "<group>"; };
		BB90D4EE250C5B4A0006302E /* Base */ = {isa = PBXFileReference; lastKnownFileType = file.storyboard; name = Base; path = Base.lproj/Main.storyboard; sourceTree = "<group>"; };
		BB90D4F0250C5B4C0006302E /* Assets.xcassets */ = {isa = PBXFileReference; lastKnownFileType = folder.assetcatalog; path = Assets.xcassets; sourceTree = "<group>"; };
		BB90D4F3250C5B4C0006302E /* Base */ = {isa = PBXFileReference; lastKnownFileType = file.storyboard; name = Base; path = Base.lproj/LaunchScreen.storyboard; sourceTree = "<group>"; };
		BB90D4F5250C5B4C0006302E /* Info.plist */ = {isa = PBXFileReference; lastKnownFileType = text.plist.xml; path = Info.plist; sourceTree = "<group>"; };
/* End PBXFileReference section */

/* Begin PBXFrameworksBuildPhase section */
		BB90D4E1250C5B4A0006302E /* Frameworks */ = {
			isa = PBXFrameworksBuildPhase;
			buildActionMask = 2147483647;
			files = (
			);
			runOnlyForDeploymentPostprocessing = 0;
		};
/* End PBXFrameworksBuildPhase section */

/* Begin PBXGroup section */
		BB90D4DB250C5B4A0006302E = {
			isa = PBXGroup;
			children = (
				BB90D4E6250C5B4A0006302E /* QuarantineBuddies */,
				BB90D4E5250C5B4A0006302E /* Products */,
			);
			sourceTree = "<group>";
		};
		BB90D4E5250C5B4A0006302E /* Products */ = {
			isa = PBXGroup;
			children = (
				BB90D4E4250C5B4A0006302E /* QuarantineBuddies.app */,
			);
			name = Products;
			sourceTree = "<group>";
		};
		BB90D4E6250C5B4A0006302E /* QuarantineBuddies */ = {
			isa = PBXGroup;
			children = (
				BB90D4E7250C5B4A0006302E /* AppDelegate.swift */,
				BB90D4E9250C5B4A0006302E /* SceneDelegate.swift */,
				BB90D4EB250C5B4A0006302E /* TitleController.swift */,
				BB5F564D250C7C21002623F4 /* loginController.swift */,
				BB90D4ED250C5B4A0006302E /* Main.storyboard */,
				BB5F5655250C7CA3002623F4 /* chatController.swift */,
				BB5F5653250C7C69002623F4 /* matchController.swift */,
				BB5F5651250C7C51002623F4 /* itemsController.swift */,
				BB5F564F250C7C43002623F4 /* registerController.swift */,
				BB90D4F0250C5B4C0006302E /* Assets.xcassets */,
				BB90D4F2250C5B4C0006302E /* LaunchScreen.storyboard */,
				BB90D4F5250C5B4C0006302E /* Info.plist */,
			);
			path = QuarantineBuddies;
			sourceTree = "<group>";
		};
/* End PBXGroup section */

/* Begin PBXNativeTarget section */
		BB90D4E3250C5B4A0006302E /* QuarantineBuddies */ = {
			isa = PBXNativeTarget;
			buildConfigurationList = BB90D4F8250C5B4C0006302E /* Build configuration list for PBXNativeTarget "QuarantineBuddies" */;
			buildPhases = (
				BB90D4E0250C5B4A0006302E /* Sources */,
				BB90D4E1250C5B4A0006302E /* Frameworks */,
				BB90D4E2250C5B4A0006302E /* Resources */,
			);
			buildRules = (
			);
			dependencies = (
			);
			name = QuarantineBuddies;
			productName = QuarantineBuddies;
			productReference = BB90D4E4250C5B4A0006302E /* QuarantineBuddies.app */;
			productType = "com.apple.product-type.application";
		};
/* End PBXNativeTarget section */

/* Begin PBXProject section */
		BB90D4DC250C5B4A0006302E /* Project object */ = {
			isa = PBXProject;
			attributes = {
				LastSwiftUpdateCheck = 1150;
				LastUpgradeCheck = 1150;
				ORGANIZATIONNAME = "Jamie Huang";
				TargetAttributes = {
					BB90D4E3250C5B4A0006302E = {
						CreatedOnToolsVersion = 11.5;
					};
				};
			};
			buildConfigurationList = BB90D4DF250C5B4A0006302E /* Build configuration list for PBXProject "QuarantineBuddies" */;
			compatibilityVersion = "Xcode 9.3";
			developmentRegion = en;
			hasScannedForEncodings = 0;
			knownRegions = (
				en,
				Base,
			);
			mainGroup = BB90D4DB250C5B4A0006302E;
			productRefGroup = BB90D4E5250C5B4A0006302E /* Products */;
			projectDirPath = "";
			projectRoot = "";
			targets = (
				BB90D4E3250C5B4A0006302E /* QuarantineBuddies */,
			);
		};
/* End PBXProject section */

/* Begin PBXResourcesBuildPhase section */
		BB90D4E2250C5B4A0006302E /* Resources */ = {
			isa = PBXResourcesBuildPhase;
			buildActionMask = 2147483647;
			files = (
				BB90D4F4250C5B4C0006302E /* LaunchScreen.storyboard in Resources */,
				BB90D4F1250C5B4C0006302E /* Assets.xcassets in Resources */,
				BB90D4EF250C5B4A0006302E /* Main.storyboard in Resources */,
			);
			runOnlyForDeploymentPostprocessing = 0;
		};
/* End PBXResourcesBuildPhase section */

/* Begin PBXSourcesBuildPhase section */
		BB90D4E0250C5B4A0006302E /* Sources */ = {
			isa = PBXSourcesBuildPhase;
			buildActionMask = 2147483647;
			files = (
				BB90D4EC250C5B4A0006302E /* TitleController.swift in Sources */,
				BB5F564E250C7C21002623F4 /* loginController.swift in Sources */,
				BB90D4E8250C5B4A0006302E /* AppDelegate.swift in Sources */,
				BB5F5656250C7CA3002623F4 /* chatController.swift in Sources */,
				BB5F5650250C7C43002623F4 /* registerController.swift in Sources */,
				BB5F5652250C7C51002623F4 /* itemsController.swift in Sources */,
				BB90D4EA250C5B4A0006302E /* SceneDelegate.swift in Sources */,
				BB5F5654250C7C69002623F4 /* matchController.swift in Sources */,
			);
			runOnlyForDeploymentPostprocessing = 0;
		};
/* End PBXSourcesBuildPhase section */

/* Begin PBXVariantGroup section */
		BB90D4ED250C5B4A0006302E /* Main.storyboard */ = {
			isa = PBXVariantGroup;
			children = (
				BB90D4EE250C5B4A0006302E /* Base */,
			);
			name = Main.storyboard;
			sourceTree = "<group>";
		};
		BB90D4F2250C5B4C0006302E /* LaunchScreen.storyboard */ = {
			isa = PBXVariantGroup;
			children = (
				BB90D4F3250C5B4C0006302E /* Base */,
			);
			name = LaunchScreen.storyboard;
			sourceTree = "<group>";
		};
/* End PBXVariantGroup section */

/* Begin XCBuildConfiguration section */
		BB90D4F6250C5B4C0006302E /* Debug */ = {
			isa = XCBuildConfiguration;
			buildSettings = {
				ALWAYS_SEARCH_USER_PATHS = NO;
				CLANG_ANALYZER_NONNULL = YES;
				CLANG_ANALYZER_NUMBER_OBJECT_CONVERSION = YES_AGGRESSIVE;
				CLANG_CXX_LANGUAGE_STANDARD = "gnu++14";
				CLANG_CXX_LIBRARY = "libc++";
				CLANG_ENABLE_MODULES = YES;
				CLANG_ENABLE_OBJC_ARC = YES;
				CLANG_ENABLE_OBJC_WEAK = YES;
				CLANG_WARN_BLOCK_CAPTURE_AUTORELEASING = YES;
				CLANG_WARN_BOOL_CONVERSION = YES;
				CLANG_WARN_COMMA = YES;
				CLANG_WARN_CONSTANT_CONVERSION = YES;
				CLANG_WARN_DEPRECATED_OBJC_IMPLEMENTATIONS = YES;
				CLANG_WARN_DIRECT_OBJC_ISA_USAGE = YES_ERROR;
				CLANG_WARN_DOCUMENTATION_COMMENTS = YES;
				CLANG_WARN_EMPTY_BODY = YES;
				CLANG_WARN_ENUM_CONVERSION = YES;
				CLANG_WARN_INFINITE_RECURSION = YES;
				CLANG_WARN_INT_CONVERSION = YES;
				CLANG_WARN_NON_LITERAL_NULL_CONVERSION = YES;
				CLANG_WARN_OBJC_IMPLICIT_RETAIN_SELF = YES;
				CLANG_WARN_OBJC_LITERAL_CONVERSION = YES;
				CLANG_WARN_OBJC_ROOT_CLASS = YES_ERROR;
				CLANG_WARN_RANGE_LOOP_ANALYSIS = YES;
				CLANG_WARN_STRICT_PROTOTYPES = YES;
				CLANG_WARN_SUSPICIOUS_MOVE = YES;
				CLANG_WARN_UNGUARDED_AVAILABILITY = YES_AGGRESSIVE;
				CLANG_WARN_UNREACHABLE_CODE = YES;
				CLANG_WARN__DUPLICATE_METHOD_MATCH = YES;
				COPY_PHASE_STRIP = NO;
				DEBUG_INFORMATION_FORMAT = dwarf;
				ENABLE_STRICT_OBJC_MSGSEND = YES;
				ENABLE_TESTABILITY = YES;
				GCC_C_LANGUAGE_STANDARD = gnu11;
				GCC_DYNAMIC_NO_PIC = NO;
				GCC_NO_COMMON_BLOCKS = YES;
				GCC_OPTIMIZATION_LEVEL = 0;
				GCC_PREPROCESSOR_DEFINITIONS = (
					"DEBUG=1",
					"$(inherited)",
				);
				GCC_WARN_64_TO_32_BIT_CONVERSION = YES;
				GCC_WARN_ABOUT_RETURN_TYPE = YES_ERROR;
				GCC_WARN_UNDECLARED_SELECTOR = YES;
				GCC_WARN_UNINITIALIZED_AUTOS = YES_AGGRESSIVE;
				GCC_WARN_UNUSED_FUNCTION = YES;
				GCC_WARN_UNUSED_VARIABLE = YES;
				IPHONEOS_DEPLOYMENT_TARGET = 13.5;
				MTL_ENABLE_DEBUG_INFO = INCLUDE_SOURCE;
				MTL_FAST_MATH = YES;
				ONLY_ACTIVE_ARCH = YES;
				SDKROOT = iphoneos;
				SWIFT_ACTIVE_COMPILATION_CONDITIONS = DEBUG;
				SWIFT_OPTIMIZATION_LEVEL = "-Onone";
			};
			name = Debug;
		};
		BB90D4F7250C5B4C0006302E /* Release */ = {
			isa = XCBuildConfiguration;
			buildSettings = {
				ALWAYS_SEARCH_USER_PATHS = NO;
				CLANG_ANALYZER_NONNULL = YES;
				CLANG_ANALYZER_NUMBER_OBJECT_CONVERSION = YES_AGGRESSIVE;
				CLANG_CXX_LANGUAGE_STANDARD = "gnu++14";
				CLANG_CXX_LIBRARY = "libc++";
				CLANG_ENABLE_MODULES = YES;
				CLANG_ENABLE_OBJC_ARC = YES;
				CLANG_ENABLE_OBJC_WEAK = YES;
				CLANG_WARN_BLOCK_CAPTURE_AUTORELEASING = YES;
				CLANG_WARN_BOOL_CONVERSION = YES;
				CLANG_WARN_COMMA = YES;
				CLANG_WARN_CONSTANT_CONVERSION = YES;
				CLANG_WARN_DEPRECATED_OBJC_IMPLEMENTATIONS = YES;
				CLANG_WARN_DIRECT_OBJC_ISA_USAGE = YES_ERROR;
				CLANG_WARN_DOCUMENTATION_COMMENTS = YES;
				CLANG_WARN_EMPTY_BODY = YES;
				CLANG_WARN_ENUM_CONVERSION = YES;
				CLANG_WARN_INFINITE_RECURSION = YES;
				CLANG_WARN_INT_CONVERSION = YES;
				CLANG_WARN_NON_LITERAL_NULL_CONVERSION = YES;
				CLANG_WARN_OBJC_IMPLICIT_RETAIN_SELF = YES;
				CLANG_WARN_OBJC_LITERAL_CONVERSION = YES;
				CLANG_WARN_OBJC_ROOT_CLASS = YES_ERROR;
				CLANG_WARN_RANGE_LOOP_ANALYSIS = YES;
				CLANG_WARN_STRICT_PROTOTYPES = YES;
				CLANG_WARN_SUSPICIOUS_MOVE = YES;
				CLANG_WARN_UNGUARDED_AVAILABILITY = YES_AGGRESSIVE;
				CLANG_WARN_UNREACHABLE_CODE = YES;
				CLANG_WARN__DUPLICATE_METHOD_MATCH = YES;
				COPY_PHASE_STRIP = NO;
				DEBUG_INFORMATION_FORMAT = "dwarf-with-dsym";
				ENABLE_NS_ASSERTIONS = NO;
				ENABLE_STRICT_OBJC_MSGSEND = YES;
				GCC_C_LANGUAGE_STANDARD = gnu11;
				GCC_NO_COMMON_BLOCKS = YES;
				GCC_WARN_64_TO_32_BIT_CONVERSION = YES;
				GCC_WARN_ABOUT_RETURN_TYPE = YES_ERROR;
				GCC_WARN_UNDECLARED_SELECTOR = YES;
				GCC_WARN_UNINITIALIZED_AUTOS = YES_AGGRESSIVE;
				GCC_WARN_UNUSED_FUNCTION = YES;
				GCC_WARN_UNUSED_VARIABLE = YES;
				IPHONEOS_DEPLOYMENT_TARGET = 13.5;
				MTL_ENABLE_DEBUG_INFO = NO;
				MTL_FAST_MATH = YES;
				SDKROOT = iphoneos;
				SWIFT_COMPILATION_MODE = wholemodule;
				SWIFT_OPTIMIZATION_LEVEL = "-O";
				VALIDATE_PRODUCT = YES;
			};
			name = Release;
		};
		BB90D4F9250C5B4C0006302E /* Debug */ = {
			isa = XCBuildConfiguration;
			buildSettings = {
				ASSETCATALOG_COMPILER_APPICON_NAME = AppIcon;
				CODE_SIGN_STYLE = Automatic;
				INFOPLIST_FILE = QuarantineBuddies/Info.plist;
				LD_RUNPATH_SEARCH_PATHS = (
					"$(inherited)",
					"@executable_path/Frameworks",
				);
				PRODUCT_BUNDLE_IDENTIFIER = com.test.QuarantineBuddies;
				PRODUCT_NAME = "$(TARGET_NAME)";
				SWIFT_VERSION = 5.0;
				TARGETED_DEVICE_FAMILY = "1,2";
			};
			name = Debug;
		};
		BB90D4FA250C5B4C0006302E /* Release */ = {
			isa = XCBuildConfiguration;
			buildSettings = {
				ASSETCATALOG_COMPILER_APPICON_NAME = AppIcon;
				CODE_SIGN_STYLE = Automatic;
				INFOPLIST_FILE = QuarantineBuddies/Info.plist;
				LD_RUNPATH_SEARCH_PATHS = (
					"$(inherited)",
					"@executable_path/Frameworks",
				);
				PRODUCT_BUNDLE_IDENTIFIER = com.test.QuarantineBuddies;
				PRODUCT_NAME = "$(TARGET_NAME)";
				SWIFT_VERSION = 5.0;
				TARGETED_DEVICE_FAMILY = "1,2";
			};
			name = Release;
		};
/* End XCBuildConfiguration section */

/* Begin XCConfigurationList section */
		BB90D4DF250C5B4A0006302E /* Build configuration list for PBXProject "QuarantineBuddies" */ = {
			isa = XCConfigurationList;
			buildConfigurations = (
				BB90D4F6250C5B4C0006302E /* Debug */,
				BB90D4F7250C5B4C0006302E /* Release */,
			);
			defaultConfigurationIsVisible = 0;
			defaultConfigurationName = Release;
		};
		BB90D4F8250C5B4C0006302E /* Build configuration list for PBXNativeTarget "QuarantineBuddies" */ = {
			isa = XCConfigurationList;
			buildConfigurations = (
				BB90D4F9250C5B4C0006302E /* Debug */,
				BB90D4FA250C5B4C0006302E /* Release */,
			);
			defaultConfigurationIsVisible = 0;
			defaultConfigurationName = Release;
		};
/* End XCConfigurationList section */
	};
	rootObject = BB90D4DC250C5B4A0006302E /* Project object */;
}
